
Microsoft Visual Studio Solution File, Format Version 12.00
# Visual Studio Version 17
VisualStudioVersion = 17.14.36811.4 d17.14
MinimumVisualStudioVersion = 10.0.40219.1
Project("{FAE04EC0-301F-11D3-BF4B-00C04F79EFBC}") = "ApiGateway", "ApiGateway\ApiGateway.csproj", "{51B22743-A620-44CC-BD72-7C894457EF77}"
EndProject
Global
	GlobalSection(SolutionConfigurationPlatforms) = preSolution
		Debug|Any CPU = Debug|Any CPU
		Release|Any CPU = Release|Any CPU
	EndGlobalSection
	GlobalSection(ProjectConfigurationPlatforms) = postSolution
		{51B22743-A620-44CC-BD72-7C894457EF77}.Debug|Any CPU.ActiveCfg = Debug|Any CPU
		{51B22743-A620-44CC-BD72-7C894457EF77}.Debug|Any CPU.Build.0 = Debug|Any CPU
		{51B22743-A620-44CC-BD72-7C894457EF77}.Release|Any CPU.ActiveCfg = Release|Any CPU
		{51B22743-A620-44CC-BD72-7C894457EF77}.Release|Any CPU.Build.0 = Release|Any CPU
	EndGlobalSection
	GlobalSection(SolutionProperties) = preSolution
		HideSolutionNode = FALSE
	EndGlobalSection
	GlobalSection(ExtensibilityGlobals) = postSolution
		SolutionGuid = {78545C47-EF75-48BD-B0E0-4299CFE2E0AB}
	EndGlobalSection
EndGlobal
